
Microsoft Visual Studio Solution File, Format Version 12.00
# Visual Studio Version 17
VisualStudioVersion = 17.8.34525.116
MinimumVisualStudioVersion = 10.0.40219.1
Project("{FAE04EC0-301F-11D3-BF4B-00C04F79EFBC}") = "PrintingModule", "PrintingModule\PrintingModule.csproj", "{00CD9589-EDEC-4668-A3AE-8394E295237F}"
EndProject
Global
	GlobalSection(SolutionConfigurationPlatforms) = preSolution
		Debug|Any CPU = Debug|Any CPU
		Release|Any CPU = Release|Any CPU
	EndGlobalSection
	GlobalSection(ProjectConfigurationPlatforms) = postSolution
		{00CD9589-EDEC-4668-A3AE-8394E295237F}.Debug|Any CPU.ActiveCfg = Debug|Any CPU
		{00CD9589-EDEC-4668-A3AE-8394E295237F}.Debug|Any CPU.Build.0 = Debug|Any CPU
		{00CD9589-EDEC-4668-A3AE-8394E295237F}.Release|Any CPU.ActiveCfg = Release|Any CPU
		{00CD9589-EDEC-4668-A3AE-8394E295237F}.Release|Any CPU.Build.0 = Release|Any CPU
	EndGlobalSection
	GlobalSection(SolutionProperties) = preSolution
		HideSolutionNode = FALSE
	EndGlobalSection
	GlobalSection(ExtensibilityGlobals) = postSolution
		SolutionGuid = {019A37BF-D8DE-4085-8488-8C948F4C0321}
	EndGlobalSection
EndGlobal
